<?xml version="1.0" encoding="utf-8"?>
<Project ToolsVersion="4.0" xmlns="http://schemas.microsoft.com/developer/msbuild/2003">
  <ItemGroup>
    <Filter Include="Header Files">
      <UniqueIdentifier>{0da0f407-1c9d-4d27-b01b-db2f46355aa0}</UniqueIdentifier>
    </Filter>
    <Filter Include="Source Files">
      <UniqueIdentifier>{51395b2a-8a4a-464e-af94-e02e1fe32dc1}</UniqueIdentifier>
    </Filter>
    <Filter Include="detours">
      <UniqueIdentifier>{f69522b0-50bc-4285-97b6-21a77bf68d40}</UniqueIdentifier>
    </Filter>
  </ItemGroup>
  <ItemGroup>
    <ClInclude Include="stdafx.h">
      <Filter>Header Files</Filter>
    </ClInclude>
    <ClInclude Include="detours\Detours.h">
      <Filter>detours</Filter>
    </ClInclude>
    <ClInclude Include="detours\Typedef.h">
      <Filter>detours</Filter>
    </ClInclude>
    <ClInclude Include="r_image_load_obj.h">
      <Filter>Header Files</Filter>
    </ClInclude>
    <ClInclude Include="com_files.h">
      <Filter>Header Files</Filter>
    </ClInclude>
    <ClInclude Include="T5.h">
      <Filter>Header Files</Filter>
    </ClInclude>
    <ClInclude Include="r_image_load_common.h">
      <Filter>Header Files</Filter>
    </ClInclude>
    <ClInclude Include="assertdef.h">
      <Filter>Header Files</Filter>
    </ClInclude>
    <ClInclude Include="r_material_load_obj.h">
      <Filter>Header Files</Filter>
    </ClInclude>
    <ClInclude Include="r_utils.h">
      <Filter>Header Files</Filter>
    </ClInclude>
    <ClInclude Include="q_parse.h">
      <Filter>Header Files</Filter>
    </ClInclude>
    <ClInclude Include="xmodel_load_obj.h">
      <Filter>Header Files</Filter>
    </ClInclude>
    <ClInclude Include="r_image.h">
      <Filter>Header Files</Filter>
    </ClInclude>
    <ClInclude Include="r_material.h">
      <Filter>Header Files</Filter>
    </ClInclude>
    <ClInclude Include="r_init.h">
      <Filter>Header Files</Filter>
    </ClInclude>
  </ItemGroup>
  <ItemGroup>
    <ClCompile Include="dllmain.cpp">
      <Filter>Source Files</Filter>
    </ClCompile>
    <ClCompile Include="r_image_load_obj.cpp">
      <Filter>Source Files</Filter>
    </ClCompile>
    <ClCompile Include="r_image_load_common.cpp">
      <Filter>Source Files</Filter>
    </ClCompile>
    <ClCompile Include="assertdef.cpp">
      <Filter>Source Files</Filter>
    </ClCompile>
    <ClCompile Include="r_material_load_obj.cpp">
      <Filter>Source Files</Filter>
    </ClCompile>
    <ClCompile Include="r_utils.cpp">
      <Filter>Source Files</Filter>
    </ClCompile>
    <ClCompile Include="q_parse.cpp">
      <Filter>Source Files</Filter>
    </ClCompile>
    <ClCompile Include="xmodel_load_obj.cpp">
      <Filter>Source Files</Filter>
    </ClCompile>
    <ClCompile Include="r_image.cpp">
      <Filter>Source Files</Filter>
    </ClCompile>
    <ClCompile Include="r_material.cpp">
      <Filter>Source Files</Filter>
    </ClCompile>
    <ClCompile Include="r_init.cpp">
      <Filter>Source Files</Filter>
    </ClCompile>
  </ItemGroup>
</Project>