
Microsoft Visual Studio Solution File, Format Version 12.00
# Visual Studio 2013
VisualStudioVersion = 12.0.40629.0
MinimumVisualStudioVersion = 10.0.40219.1
Project("{8BC9CEB8-8B4A-11D0-8D11-00A0C91BC942}") = "launcher_ldr", "components\launcher_ldr\launcher_ldr.vcxproj", "{E543772A-4051-499E-8DC6-B5501043DA7B}"
EndProject
Project("{8BC9CEB8-8B4A-11D0-8D11-00A0C91BC942}") = "linker_pc", "components\linker_pc\linker_pc.vcxproj", "{3A1FA19B-CC11-4725-AC86-6B3CF539E1B2}"
	ProjectSection(ProjectDependencies) = postProject
		{06E30C65-D79A-4FEC-8A60-B36D907E6601} = {06E30C65-D79A-4FEC-8A60-B36D907E6601}
	EndProjectSection
EndProject
Project("{8BC9CEB8-8B4A-11D0-8D11-00A0C91BC942}") = "game_mod", "components\game_mod\game_mod.vcxproj", "{69B41EFB-E992-4351-AA29-FDC61F4DBDE0}"
	ProjectSection(ProjectDependencies) = postProject
		{06E30C65-D79A-4FEC-8A60-B36D907E6601} = {06E30C65-D79A-4FEC-8A60-B36D907E6601}
		{86C18FD7-1144-440C-B5E3-265194BBC934} = {86C18FD7-1144-440C-B5E3-265194BBC934}
	EndProjectSection
EndProject
Project("{8BC9CEB8-8B4A-11D0-8D11-00A0C91BC942}") = "radiant_mod", "components\radiant_mod\radiant_mod.vcxproj", "{6A3FB8CD-BEA3-42F1-B551-A0F56ED9B266}"
	ProjectSection(ProjectDependencies) = postProject
		{06E30C65-D79A-4FEC-8A60-B36D907E6601} = {06E30C65-D79A-4FEC-8A60-B36D907E6601}
	EndProjectSection
EndProject
Project("{8BC9CEB8-8B4A-11D0-8D11-00A0C91BC942}") = "cod2rad", "components\cod2rad\cod2rad.vcxproj", "{B19C7605-5258-457E-883A-1A7896E7BD6C}"
	ProjectSection(ProjectDependencies) = postProject
		{F9BA1B1B-9BF9-4365-8A18-531F80C8847F} = {F9BA1B1B-9BF9-4365-8A18-531F80C8847F}
		{06E30C65-D79A-4FEC-8A60-B36D907E6601} = {06E30C65-D79A-4FEC-8A60-B36D907E6601}
	EndProjectSection
EndProject
Project("{8BC9CEB8-8B4A-11D0-8D11-00A0C91BC942}") = "cod2map", "components\cod2map\cod2map.vcxproj", "{37CF9A1C-7E15-44FA-BA81-A389E617F2D9}"
	ProjectSection(ProjectDependencies) = postProject
		{F9BA1B1B-9BF9-4365-8A18-531F80C8847F} = {F9BA1B1B-9BF9-4365-8A18-531F80C8847F}
		{06E30C65-D79A-4FEC-8A60-B36D907E6601} = {06E30C65-D79A-4FEC-8A60-B36D907E6601}
	EndProjectSection
EndProject
Project("{8BC9CEB8-8B4A-11D0-8D11-00A0C91BC942}") = "path_mod", "components\path_mod\path_mod.vcxproj", "{B6D3B040-AC50-4BA9-BC91-CE5F5DAAF877}"
	ProjectSection(ProjectDependencies) = postProject
		{F9BA1B1B-9BF9-4365-8A18-531F80C8847F} = {F9BA1B1B-9BF9-4365-8A18-531F80C8847F}
		{06E30C65-D79A-4FEC-8A60-B36D907E6601} = {06E30C65-D79A-4FEC-8A60-B36D907E6601}
	EndProjectSection
EndProject
Project("{8BC9CEB8-8B4A-11D0-8D11-00A0C91BC942}") = "D3DBSP_Lib", "components\D3DBSP_Lib\D3DBSP_Lib\D3DBSP_Lib.vcxproj", "{F9BA1B1B-9BF9-4365-8A18-531F80C8847F}"
EndProject
Project("{8BC9CEB8-8B4A-11D0-8D11-00A0C91BC942}") = "asset_viewer", "components\asset_viewer\asset_viewer.vcxproj", "{9934C743-9987-4D7C-B847-0E77DDA520C0}"
	ProjectSection(ProjectDependencies) = postProject
		{06E30C65-D79A-4FEC-8A60-B36D907E6601} = {06E30C65-D79A-4FEC-8A60-B36D907E6601}
	EndProjectSection
EndProject
Project("{8BC9CEB8-8B4A-11D0-8D11-00A0C91BC942}") = "asset_util", "components\asset_util\asset_util.vcxproj", "{0045F885-7DD4-4898-B760-ACB4DA32DA6B}"
	ProjectSection(ProjectDependencies) = postProject
		{D8721F95-955F-4931-9EBA-5C7BA28E6875} = {D8721F95-955F-4931-9EBA-5C7BA28E6875}
		{612D8EF6-74FD-4E5E-A5C9-F4E8BF20195A} = {612D8EF6-74FD-4E5E-A5C9-F4E8BF20195A}
	EndProjectSection
EndProject
Project("{8BC9CEB8-8B4A-11D0-8D11-00A0C91BC942}") = "zlib", "components\shared\zlib\zlib.vcxproj", "{612D8EF6-74FD-4E5E-A5C9-F4E8BF20195A}"
EndProject
Project("{8BC9CEB8-8B4A-11D0-8D11-00A0C91BC942}") = "miniz", "components\shared\miniz\miniz.vcxproj", "{D8721F95-955F-4931-9EBA-5C7BA28E6875}"
EndProject
Project("{8BC9CEB8-8B4A-11D0-8D11-00A0C91BC942}") = "launcher", "components\launcher\launcher.vcxproj", "{99C1298E-362E-455B-B938-04CB5B5510BA}"
	ProjectSection(ProjectDependencies) = postProject
		{86C18FD7-1144-440C-B5E3-265194BBC934} = {86C18FD7-1144-440C-B5E3-265194BBC934}
	EndProjectSection
EndProject
Project("{8BC9CEB8-8B4A-11D0-8D11-00A0C91BC942}") = "imgui", "components\shared\imgui\imgui.vcxproj", "{86C18FD7-1144-440C-B5E3-265194BBC934}"
EndProject
Project("{8BC9CEB8-8B4A-11D0-8D11-00A0C91BC942}") = "detours", "components\shared\detours\detours.vcxproj", "{06E30C65-D79A-4FEC-8A60-B36D907E6601}"
EndProject
Project("{8BC9CEB8-8B4A-11D0-8D11-00A0C91BC942}") = "server_mod", "components\server_mod\server_mod.vcxproj", "{F8CDCAF5-4FFC-49B7-9B4D-328C6054704A}"
	ProjectSection(ProjectDependencies) = postProject
		{06E30C65-D79A-4FEC-8A60-B36D907E6601} = {06E30C65-D79A-4FEC-8A60-B36D907E6601}
		{D8721F95-955F-4931-9EBA-5C7BA28E6875} = {D8721F95-955F-4931-9EBA-5C7BA28E6875}
	EndProjectSection
EndProject
Global
	GlobalSection(SolutionConfigurationPlatforms) = preSolution
		Debug|Win32 = Debug|Win32
		Release|Win32 = Release|Win32
	EndGlobalSection
	GlobalSection(ProjectConfigurationPlatforms) = postSolution
		{E543772A-4051-499E-8DC6-B5501043DA7B}.Debug|Win32.ActiveCfg = Debug|Win32
		{E543772A-4051-499E-8DC6-B5501043DA7B}.Debug|Win32.Build.0 = Debug|Win32
		{E543772A-4051-499E-8DC6-B5501043DA7B}.Release|Win32.ActiveCfg = Release|Win32
		{E543772A-4051-499E-8DC6-B5501043DA7B}.Release|Win32.Build.0 = Release|Win32
		{3A1FA19B-CC11-4725-AC86-6B3CF539E1B2}.Debug|Win32.ActiveCfg = Debug|Win32
		{3A1FA19B-CC11-4725-AC86-6B3CF539E1B2}.Debug|Win32.Build.0 = Debug|Win32
		{3A1FA19B-CC11-4725-AC86-6B3CF539E1B2}.Release|Win32.ActiveCfg = Release|Win32
		{3A1FA19B-CC11-4725-AC86-6B3CF539E1B2}.Release|Win32.Build.0 = Release|Win32
		{69B41EFB-E992-4351-AA29-FDC61F4DBDE0}.Debug|Win32.ActiveCfg = Debug|Win32
		{69B41EFB-E992-4351-AA29-FDC61F4DBDE0}.Debug|Win32.Build.0 = Debug|Win32
		{69B41EFB-E992-4351-AA29-FDC61F4DBDE0}.Release|Win32.ActiveCfg = Release|Win32
		{69B41EFB-E992-4351-AA29-FDC61F4DBDE0}.Release|Win32.Build.0 = Release|Win32
		{6A3FB8CD-BEA3-42F1-B551-A0F56ED9B266}.Debug|Win32.ActiveCfg = Debug|Win32
		{6A3FB8CD-BEA3-42F1-B551-A0F56ED9B266}.Debug|Win32.Build.0 = Debug|Win32
		{6A3FB8CD-BEA3-42F1-B551-A0F56ED9B266}.Release|Win32.ActiveCfg = Release|Win32
		{6A3FB8CD-BEA3-42F1-B551-A0F56ED9B266}.Release|Win32.Build.0 = Release|Win32
		{B19C7605-5258-457E-883A-1A7896E7BD6C}.Debug|Win32.ActiveCfg = Debug|Win32
		{B19C7605-5258-457E-883A-1A7896E7BD6C}.Debug|Win32.Build.0 = Debug|Win32
		{B19C7605-5258-457E-883A-1A7896E7BD6C}.Release|Win32.ActiveCfg = Release|Win32
		{B19C7605-5258-457E-883A-1A7896E7BD6C}.Release|Win32.Build.0 = Release|Win32
		{37CF9A1C-7E15-44FA-BA81-A389E617F2D9}.Debug|Win32.ActiveCfg = Debug|Win32
		{37CF9A1C-7E15-44FA-BA81-A389E617F2D9}.Debug|Win32.Build.0 = Debug|Win32
		{37CF9A1C-7E15-44FA-BA81-A389E617F2D9}.Release|Win32.ActiveCfg = Release|Win32
		{37CF9A1C-7E15-44FA-BA81-A389E617F2D9}.Release|Win32.Build.0 = Release|Win32
		{B6D3B040-AC50-4BA9-BC91-CE5F5DAAF877}.Debug|Win32.ActiveCfg = Debug|Win32
		{B6D3B040-AC50-4BA9-BC91-CE5F5DAAF877}.Release|Win32.ActiveCfg = Release|Win32
		{B6D3B040-AC50-4BA9-BC91-CE5F5DAAF877}.Release|Win32.Build.0 = Release|Win32
		{F9BA1B1B-9BF9-4365-8A18-531F80C8847F}.Debug|Win32.ActiveCfg = Debug|Win32
		{F9BA1B1B-9BF9-4365-8A18-531F80C8847F}.Debug|Win32.Build.0 = Debug|Win32
		{F9BA1B1B-9BF9-4365-8A18-531F80C8847F}.Release|Win32.ActiveCfg = Release|Win32
		{F9BA1B1B-9BF9-4365-8A18-531F80C8847F}.Release|Win32.Build.0 = Release|Win32
		{9934C743-9987-4D7C-B847-0E77DDA520C0}.Debug|Win32.ActiveCfg = Debug|Win32
		{9934C743-9987-4D7C-B847-0E77DDA520C0}.Debug|Win32.Build.0 = Debug|Win32
		{9934C743-9987-4D7C-B847-0E77DDA520C0}.Release|Win32.ActiveCfg = Release|Win32
		{9934C743-9987-4D7C-B847-0E77DDA520C0}.Release|Win32.Build.0 = Release|Win32
		{0045F885-7DD4-4898-B760-ACB4DA32DA6B}.Debug|Win32.ActiveCfg = Debug|Win32
		{0045F885-7DD4-4898-B760-ACB4DA32DA6B}.Debug|Win32.Build.0 = Debug|Win32
		{0045F885-7DD4-4898-B760-ACB4DA32DA6B}.Release|Win32.ActiveCfg = Release|Win32
		{0045F885-7DD4-4898-B760-ACB4DA32DA6B}.Release|Win32.Build.0 = Release|Win32
		{612D8EF6-74FD-4E5E-A5C9-F4E8BF20195A}.Debug|Win32.ActiveCfg = Debug|Win32
		{612D8EF6-74FD-4E5E-A5C9-F4E8BF20195A}.Debug|Win32.Build.0 = Debug|Win32
		{612D8EF6-74FD-4E5E-A5C9-F4E8BF20195A}.Release|Win32.ActiveCfg = Release|Win32
		{612D8EF6-74FD-4E5E-A5C9-F4E8BF20195A}.Release|Win32.Build.0 = Release|Win32
		{D8721F95-955F-4931-9EBA-5C7BA28E6875}.Debug|Win32.ActiveCfg = Debug|Win32
		{D8721F95-955F-4931-9EBA-5C7BA28E6875}.Debug|Win32.Build.0 = Debug|Win32
		{D8721F95-955F-4931-9EBA-5C7BA28E6875}.Release|Win32.ActiveCfg = Release|Win32
		{D8721F95-955F-4931-9EBA-5C7BA28E6875}.Release|Win32.Build.0 = Release|Win32
		{99C1298E-362E-455B-B938-04CB5B5510BA}.Debug|Win32.ActiveCfg = Debug|Win32
		{99C1298E-362E-455B-B938-04CB5B5510BA}.Debug|Win32.Build.0 = Debug|Win32
		{99C1298E-362E-455B-B938-04CB5B5510BA}.Release|Win32.ActiveCfg = Release|Win32
		{99C1298E-362E-455B-B938-04CB5B5510BA}.Release|Win32.Build.0 = Release|Win32
		{86C18FD7-1144-440C-B5E3-265194BBC934}.Debug|Win32.ActiveCfg = Debug|Win32
		{86C18FD7-1144-440C-B5E3-265194BBC934}.Debug|Win32.Build.0 = Debug|Win32
		{86C18FD7-1144-440C-B5E3-265194BBC934}.Release|Win32.ActiveCfg = Release|Win32
		{86C18FD7-1144-440C-B5E3-265194BBC934}.Release|Win32.Build.0 = Release|Win32
		{06E30C65-D79A-4FEC-8A60-B36D907E6601}.Debug|Win32.ActiveCfg = Debug|Win32
		{06E30C65-D79A-4FEC-8A60-B36D907E6601}.Debug|Win32.Build.0 = Debug|Win32
		{06E30C65-D79A-4FEC-8A60-B36D907E6601}.Release|Win32.ActiveCfg = Release|Win32
		{06E30C65-D79A-4FEC-8A60-B36D907E6601}.Release|Win32.Build.0 = Release|Win32
		{F8CDCAF5-4FFC-49B7-9B4D-328C6054704A}.Debug|Win32.ActiveCfg = Debug|Win32
		{F8CDCAF5-4FFC-49B7-9B4D-328C6054704A}.Debug|Win32.Build.0 = Debug|Win32
		{F8CDCAF5-4FFC-49B7-9B4D-328C6054704A}.Release|Win32.ActiveCfg = Release|Win32
		{F8CDCAF5-4FFC-49B7-9B4D-328C6054704A}.Release|Win32.Build.0 = Release|Win32
	EndGlobalSection
	GlobalSection(SolutionProperties) = preSolution
		HideSolutionNode = FALSE
	EndGlobalSection
EndGlobal
