
Microsoft Visual Studio Solution File, Format Version 12.00
# Visual Studio 2013
VisualStudioVersion = 12.0.30501.0
MinimumVisualStudioVersion = 10.0.40219.1
Project("{8BC9CEB8-8B4A-11D0-8D11-00A0C91BC942}") = "launcher_ldr", "components\launcher_ldr\launcher_ldr.vcxproj", "{E543772A-4051-499E-8DC6-B5501043DA7B}"
EndProject
Project("{8BC9CEB8-8B4A-11D0-8D11-00A0C91BC942}") = "linker_pc", "components\linker_pc\linker_pc.vcxproj", "{3A1FA19B-CC11-4725-AC86-6B3CF539E1B2}"
EndProject
Project("{8BC9CEB8-8B4A-11D0-8D11-00A0C91BC942}") = "game_mod", "components\game_mod\game_mod.vcxproj", "{69B41EFB-E992-4351-AA29-FDC61F4DBDE0}"
EndProject
Project("{8BC9CEB8-8B4A-11D0-8D11-00A0C91BC942}") = "radiant_mod", "components\radiant_mod\radiant_mod.vcxproj", "{6A3FB8CD-BEA3-42F1-B551-A0F56ED9B266}"
EndProject
Project("{8BC9CEB8-8B4A-11D0-8D11-00A0C91BC942}") = "cod2rad", "components\cod2rad\cod2rad.vcxproj", "{B19C7605-5258-457E-883A-1A7896E7BD6C}"
	ProjectSection(ProjectDependencies) = postProject
		{F9BA1B1B-9BF9-4365-8A18-531F80C8847F} = {F9BA1B1B-9BF9-4365-8A18-531F80C8847F}
	EndProjectSection
EndProject
Project("{8BC9CEB8-8B4A-11D0-8D11-00A0C91BC942}") = "cod2map", "components\cod2map\cod2map.vcxproj", "{37CF9A1C-7E15-44FA-BA81-A389E617F2D9}"
	ProjectSection(ProjectDependencies) = postProject
		{F9BA1B1B-9BF9-4365-8A18-531F80C8847F} = {F9BA1B1B-9BF9-4365-8A18-531F80C8847F}
	EndProjectSection
EndProject
Project("{8BC9CEB8-8B4A-11D0-8D11-00A0C91BC942}") = "path_mod", "components\path_mod\path_mod.vcxproj", "{B6D3B040-AC50-4BA9-BC91-CE5F5DAAF877}"
EndProject
Project("{8BC9CEB8-8B4A-11D0-8D11-00A0C91BC942}") = "setup", "components\setup\setup.vcxproj", "{9146CB30-88C2-40F6-A424-98432160C9A9}"
EndProject
Project("{8BC9CEB8-8B4A-11D0-8D11-00A0C91BC942}") = "D3DBSP_Lib", "components\D3DBSP_Lib\D3DBSP_Lib\D3DBSP_Lib.vcxproj", "{F9BA1B1B-9BF9-4365-8A18-531F80C8847F}"
EndProject
Global
	GlobalSection(SolutionConfigurationPlatforms) = preSolution
		Debug|Win32 = Debug|Win32
		Release|Win32 = Release|Win32
	EndGlobalSection
	GlobalSection(ProjectConfigurationPlatforms) = postSolution
		{E543772A-4051-499E-8DC6-B5501043DA7B}.Debug|Win32.ActiveCfg = Debug|Win32
		{E543772A-4051-499E-8DC6-B5501043DA7B}.Debug|Win32.Build.0 = Debug|Win32
		{E543772A-4051-499E-8DC6-B5501043DA7B}.Release|Win32.ActiveCfg = Release|Win32
		{E543772A-4051-499E-8DC6-B5501043DA7B}.Release|Win32.Build.0 = Release|Win32
		{3A1FA19B-CC11-4725-AC86-6B3CF539E1B2}.Debug|Win32.ActiveCfg = Debug|Win32
		{3A1FA19B-CC11-4725-AC86-6B3CF539E1B2}.Debug|Win32.Build.0 = Debug|Win32
		{3A1FA19B-CC11-4725-AC86-6B3CF539E1B2}.Release|Win32.ActiveCfg = Release|Win32
		{3A1FA19B-CC11-4725-AC86-6B3CF539E1B2}.Release|Win32.Build.0 = Release|Win32
		{69B41EFB-E992-4351-AA29-FDC61F4DBDE0}.Debug|Win32.ActiveCfg = Debug|Win32
		{69B41EFB-E992-4351-AA29-FDC61F4DBDE0}.Debug|Win32.Build.0 = Debug|Win32
		{69B41EFB-E992-4351-AA29-FDC61F4DBDE0}.Release|Win32.ActiveCfg = Release|Win32
		{69B41EFB-E992-4351-AA29-FDC61F4DBDE0}.Release|Win32.Build.0 = Release|Win32
		{6A3FB8CD-BEA3-42F1-B551-A0F56ED9B266}.Debug|Win32.ActiveCfg = Debug|Win32
		{6A3FB8CD-BEA3-42F1-B551-A0F56ED9B266}.Debug|Win32.Build.0 = Debug|Win32
		{6A3FB8CD-BEA3-42F1-B551-A0F56ED9B266}.Release|Win32.ActiveCfg = Release|Win32
		{6A3FB8CD-BEA3-42F1-B551-A0F56ED9B266}.Release|Win32.Build.0 = Release|Win32
		{B19C7605-5258-457E-883A-1A7896E7BD6C}.Debug|Win32.ActiveCfg = Debug|Win32
		{B19C7605-5258-457E-883A-1A7896E7BD6C}.Debug|Win32.Build.0 = Debug|Win32
		{B19C7605-5258-457E-883A-1A7896E7BD6C}.Release|Win32.ActiveCfg = Release|Win32
		{B19C7605-5258-457E-883A-1A7896E7BD6C}.Release|Win32.Build.0 = Release|Win32
		{37CF9A1C-7E15-44FA-BA81-A389E617F2D9}.Debug|Win32.ActiveCfg = Debug|Win32
		{37CF9A1C-7E15-44FA-BA81-A389E617F2D9}.Debug|Win32.Build.0 = Debug|Win32
		{37CF9A1C-7E15-44FA-BA81-A389E617F2D9}.Release|Win32.ActiveCfg = Release|Win32
		{37CF9A1C-7E15-44FA-BA81-A389E617F2D9}.Release|Win32.Build.0 = Release|Win32
		{B6D3B040-AC50-4BA9-BC91-CE5F5DAAF877}.Debug|Win32.ActiveCfg = Debug|Win32
		{B6D3B040-AC50-4BA9-BC91-CE5F5DAAF877}.Debug|Win32.Build.0 = Debug|Win32
		{B6D3B040-AC50-4BA9-BC91-CE5F5DAAF877}.Release|Win32.ActiveCfg = Release|Win32
		{B6D3B040-AC50-4BA9-BC91-CE5F5DAAF877}.Release|Win32.Build.0 = Release|Win32
		{9146CB30-88C2-40F6-A424-98432160C9A9}.Debug|Win32.ActiveCfg = Debug|Win32
		{9146CB30-88C2-40F6-A424-98432160C9A9}.Debug|Win32.Build.0 = Debug|Win32
		{9146CB30-88C2-40F6-A424-98432160C9A9}.Release|Win32.ActiveCfg = Release|Win32
		{9146CB30-88C2-40F6-A424-98432160C9A9}.Release|Win32.Build.0 = Release|Win32
		{F9BA1B1B-9BF9-4365-8A18-531F80C8847F}.Debug|Win32.ActiveCfg = Debug|Win32
		{F9BA1B1B-9BF9-4365-8A18-531F80C8847F}.Debug|Win32.Build.0 = Debug|Win32
		{F9BA1B1B-9BF9-4365-8A18-531F80C8847F}.Release|Win32.ActiveCfg = Release|Win32
		{F9BA1B1B-9BF9-4365-8A18-531F80C8847F}.Release|Win32.Build.0 = Release|Win32
	EndGlobalSection
	GlobalSection(SolutionProperties) = preSolution
		HideSolutionNode = FALSE
	EndGlobalSection
EndGlobal
