<?xml version="1.0" encoding="utf-8"?>
<Project ToolsVersion="4.0" xmlns="http://schemas.microsoft.com/developer/msbuild/2003">
  <ItemGroup>
    <ClCompile Include="cmd.cpp" />
    <ClCompile Include="cvar.cpp" />
    <ClCompile Include="main.cpp" />
    <ClCompile Include="arg.cpp" />
    <ClCompile Include="gdt\gdt.cpp">
      <Filter>gdt</Filter>
    </ClCompile>
    <ClCompile Include="gdt\gsc.cpp">
      <Filter>gdt</Filter>
    </ClCompile>
    <ClCompile Include="gdt\assettype\aitype.cpp">
      <Filter>gdt\assettype</Filter>
    </ClCompile>
    <ClCompile Include="gdt\assettype\character.cpp">
      <Filter>gdt\assettype</Filter>
    </ClCompile>
    <ClCompile Include="gdt\assettype\gdtasset.cpp">
      <Filter>gdt\assettype</Filter>
    </ClCompile>
    <ClCompile Include="gdt\assettype\xmodelalias.cpp">
      <Filter>gdt\assettype</Filter>
    </ClCompile>
    <ClCompile Include="common\io.cpp">
      <Filter>common</Filter>
    </ClCompile>
    <ClCompile Include="common\str.cpp">
      <Filter>common</Filter>
    </ClCompile>
    <ClCompile Include="common\fs.cpp">
      <Filter>common</Filter>
    </ClCompile>
    <ClCompile Include="sys\AppInfo.cpp">
      <Filter>sys</Filter>
    </ClCompile>
    <ClCompile Include="sys\process.cpp">
      <Filter>sys</Filter>
    </ClCompile>
    <ClCompile Include="setup.cpp" />
    <ClCompile Include="cmds\cmd_ents.cpp">
      <Filter>cmds</Filter>
    </ClCompile>
    <ClCompile Include="cmds\cmd_help.cpp">
      <Filter>cmds</Filter>
    </ClCompile>
    <ClCompile Include="common\ff.cpp">
      <Filter>common</Filter>
    </ClCompile>
    <ClCompile Include="common\iwd.cpp">
      <Filter>common</Filter>
    </ClCompile>
    <ClCompile Include="cmds\cmd_extract.cpp">
      <Filter>cmds</Filter>
    </ClCompile>
    <ClCompile Include="cmds\cmd_bsp.cpp">
      <Filter>cmds</Filter>
    </ClCompile>
  </ItemGroup>
  <ItemGroup>
    <ClInclude Include="cmd.h" />
    <ClInclude Include="cvar.h" />
    <ClInclude Include="platform.h" />
    <ClInclude Include="arg.h" />
    <ClInclude Include="common\llist.h">
      <Filter>common</Filter>
    </ClInclude>
    <ClInclude Include="gdt\gdt.h">
      <Filter>gdt</Filter>
    </ClInclude>
    <ClInclude Include="gdt\gsc.h">
      <Filter>gdt</Filter>
    </ClInclude>
    <ClInclude Include="gdt\assettype\aitype.h">
      <Filter>gdt\assettype</Filter>
    </ClInclude>
    <ClInclude Include="gdt\assettype\character.h">
      <Filter>gdt\assettype</Filter>
    </ClInclude>
    <ClInclude Include="gdt\assettype\gdtasset.h">
      <Filter>gdt\assettype</Filter>
    </ClInclude>
    <ClInclude Include="gdt\assettype\xmodelalias.h">
      <Filter>gdt\assettype</Filter>
    </ClInclude>
    <ClInclude Include="common\io.h">
      <Filter>common</Filter>
    </ClInclude>
    <ClInclude Include="common\str.h">
      <Filter>common</Filter>
    </ClInclude>
    <ClInclude Include="common\fs.h">
      <Filter>common</Filter>
    </ClInclude>
    <ClInclude Include="sys\AppInfo.h">
      <Filter>sys</Filter>
    </ClInclude>
    <ClInclude Include="sys\process.h">
      <Filter>sys</Filter>
    </ClInclude>
    <ClInclude Include="setup.h" />
    <ClInclude Include="cmds\cmd_common.h">
      <Filter>cmds</Filter>
    </ClInclude>
    <ClInclude Include="common\ff.h">
      <Filter>common</Filter>
    </ClInclude>
    <ClInclude Include="common\iwd.h">
      <Filter>common</Filter>
    </ClInclude>
  </ItemGroup>
  <ItemGroup>
    <Filter Include="common">
      <UniqueIdentifier>{e31f8666-3bf2-493e-b899-8525c6a3e30d}</UniqueIdentifier>
    </Filter>
    <Filter Include="gdt">
      <UniqueIdentifier>{a2820f3d-03e5-4b69-a7d7-70c512eec423}</UniqueIdentifier>
    </Filter>
    <Filter Include="gdt\assettype">
      <UniqueIdentifier>{13d2159d-d88c-4815-a20b-01003f049aef}</UniqueIdentifier>
    </Filter>
    <Filter Include="sys">
      <UniqueIdentifier>{ec18eb97-7da4-4fc0-8511-297a43a51eae}</UniqueIdentifier>
    </Filter>
    <Filter Include="cmds">
      <UniqueIdentifier>{f2eaf143-9cec-4b52-b528-477c8590ac00}</UniqueIdentifier>
    </Filter>
  </ItemGroup>
</Project>